
Microsoft Visual Studio Solution File, Format Version 12.00
Project("{2150E333-8FDC-42A3-9474-1A3956D46DE8}") = "src", "src", "{3174F48E-599E-407A-B2E1-05F161DF60BA}"
EndProject
Project("{2150E333-8FDC-42A3-9474-1A3956D46DE8}") = "tests", "tests", "{7C28ADDB-4604-4708-8A98-0D9AF23BCF37}"
EndProject
Project("{2150E333-8FDC-42A3-9474-1A3956D46DE8}") = "SolutionItems", "SolutionItems", "{D6315ED8-C6AE-4A53-9E7C-BB3A0F3E1B4B}"
	ProjectSection(SolutionItems) = preProject
		.gitignore = .gitignore
		README.md = README.md
		Directory.Packages.props = Directory.Packages.props
		docker-compose.yml = docker-compose.yml
		nuget.config = nuget.config
	EndProjectSection
EndProject
Project("{FAE04EC0-301F-11D3-BF4B-00C04F79EFBC}") = "WebApi", "src\WebApi\WebApi.csproj", "{49EA2ED6-0E75-42F1-A0A0-3859D55700A0}"
EndProject
Project("{FAE04EC0-301F-11D3-BF4B-00C04F79EFBC}") = "Domain", "src\Domain\Domain.csproj", "{5F773AC0-1FFA-4F14-9D61-00889352036C}"
EndProject
Project("{FAE04EC0-301F-11D3-BF4B-00C04F79EFBC}") = "Application", "src\Application\Application.csproj", "{A3944F53-FACD-4E19-A129-5D22E9650003}"
EndProject
Project("{FAE04EC0-301F-11D3-BF4B-00C04F79EFBC}") = "Infrastructure.Messaging", "src\Infrastructure.Messaging\Infrastructure.Messaging.csproj", "{53D32035-00E8-411A-9A35-0EB521303A8C}"
EndProject
Global
	GlobalSection(SolutionConfigurationPlatforms) = preSolution
		Debug|Any CPU = Debug|Any CPU
		Release|Any CPU = Release|Any CPU
	EndGlobalSection
	GlobalSection(NestedProjects) = preSolution
		{49EA2ED6-0E75-42F1-A0A0-3859D55700A0} = {3174F48E-599E-407A-B2E1-05F161DF60BA}
		{5F773AC0-1FFA-4F14-9D61-00889352036C} = {3174F48E-599E-407A-B2E1-05F161DF60BA}
		{A3944F53-FACD-4E19-A129-5D22E9650003} = {3174F48E-599E-407A-B2E1-05F161DF60BA}
		{53D32035-00E8-411A-9A35-0EB521303A8C} = {3174F48E-599E-407A-B2E1-05F161DF60BA}
	EndGlobalSection
	GlobalSection(ProjectConfigurationPlatforms) = postSolution
		{49EA2ED6-0E75-42F1-A0A0-3859D55700A0}.Debug|Any CPU.ActiveCfg = Debug|Any CPU
		{49EA2ED6-0E75-42F1-A0A0-3859D55700A0}.Debug|Any CPU.Build.0 = Debug|Any CPU
		{49EA2ED6-0E75-42F1-A0A0-3859D55700A0}.Release|Any CPU.ActiveCfg = Release|Any CPU
		{49EA2ED6-0E75-42F1-A0A0-3859D55700A0}.Release|Any CPU.Build.0 = Release|Any CPU
		{5F773AC0-1FFA-4F14-9D61-00889352036C}.Debug|Any CPU.ActiveCfg = Debug|Any CPU
		{5F773AC0-1FFA-4F14-9D61-00889352036C}.Debug|Any CPU.Build.0 = Debug|Any CPU
		{5F773AC0-1FFA-4F14-9D61-00889352036C}.Release|Any CPU.ActiveCfg = Release|Any CPU
		{5F773AC0-1FFA-4F14-9D61-00889352036C}.Release|Any CPU.Build.0 = Release|Any CPU
		{A3944F53-FACD-4E19-A129-5D22E9650003}.Debug|Any CPU.ActiveCfg = Debug|Any CPU
		{A3944F53-FACD-4E19-A129-5D22E9650003}.Debug|Any CPU.Build.0 = Debug|Any CPU
		{A3944F53-FACD-4E19-A129-5D22E9650003}.Release|Any CPU.ActiveCfg = Release|Any CPU
		{A3944F53-FACD-4E19-A129-5D22E9650003}.Release|Any CPU.Build.0 = Release|Any CPU
		{53D32035-00E8-411A-9A35-0EB521303A8C}.Debug|Any CPU.ActiveCfg = Debug|Any CPU
		{53D32035-00E8-411A-9A35-0EB521303A8C}.Debug|Any CPU.Build.0 = Debug|Any CPU
		{53D32035-00E8-411A-9A35-0EB521303A8C}.Release|Any CPU.ActiveCfg = Release|Any CPU
		{53D32035-00E8-411A-9A35-0EB521303A8C}.Release|Any CPU.Build.0 = Release|Any CPU
	EndGlobalSection
EndGlobal
